<Solution>
  <Folder Name="/Task0/">
    <Project Path="Tyuiu.KidanovaMA.Sprint0.Task0.V0/Tyuiu.KidanovaMA.Sprint0.Task0.V0.csproj" Id="cad5cb23-24ca-40fa-ac51-05b485e052a8" />
  </Folder>
  <Folder Name="/Task1/">
    <Project Path="Tyuiu.KidanovaMA.Sprint0.Task1.V0/Tyuiu.KidanovaMA.Sprint0.Task1.V0.csproj" Id="17edea8b-3d06-42fd-9d33-0463137df192" />
  </Folder>
  <Folder Name="/Task2/">
    <Project Path="Tyuiu.KidanovaMA.Sprint0.Task2.V0.Lib/Tyuiu.KidanovaMA.Sprint0.Task2.V0.Lib.csproj" Id="d628d633-a581-4249-b98c-a4b5db58373f" />
    <Project Path="Tyuiu.KidanovaMA.Sprint0.Task2.V0.Test/Tyuiu.KidanovaMA.Sprint0.Task2.V0.Test.csproj" Id="4ca89a61-7500-4e1d-a29d-175fd1f35c32" />
    <Project Path="Tyuiu.KidanovaMA.Sprint0.Task2.V0/Tyuiu.KidanovaMA.Sprint0.Task2.V0.csproj" Id="0a7e557b-626b-490f-ba95-8e4225fba0ed" />
  </Folder>
  <Folder Name="/Task3/">
    <Project Path="Tyuiu.KidanovaMA.Sprint0.Task3.V0.Lib/Tyuiu.KidanovaMA.Sprint0.Task3.V0.Lib.csproj" Id="9782808d-241f-4c6e-b139-0bc93616983b" />
    <Project Path="Tyuiu.KidanovaMA.Sprint0.Task3.V0.Test/Tyuiu.KidanovaMA.Sprint0.Task3.V0.Test.csproj" Id="0652abdc-b6fe-4e6f-bc6f-357bae4b385e" />
    <Project Path="Tyuiu.KidanovaMA.Sprint0.Task3.V0/Tyuiu.KidanovaMA.Sprint0.Task3.V0.csproj" Id="8452adec-eead-43f1-9366-1df1c3e5ce2a" />
  </Folder>
  <Folder Name="/Task4/">
    <Project Path="Tyuiu.KidanovaMA.Sprint0.Task4.V0.Lib/Tyuiu.KidanovaMA.Sprint0.Task4.V0.Lib.csproj" Id="56eff9d6-a7e6-4e54-be54-17c78cb9dd23" />
    <Project Path="Tyuiu.KidanovaMA.Sprint0.Task4.V0.Test/Tyuiu.KidanovaMA.Sprint0.Task4.V0.Test.csproj" Id="2147495b-cd97-4370-91d5-5dac9fbff1f4" />
    <Project Path="Tyuiu.KidanovaMA.Sprint0.Task4.V0/Tyuiu.KidanovaMA.Sprint0.Task4.V0.csproj" Id="ab44c7ff-8569-44a7-8027-d5b3dd074b6d" />
  </Folder>
  <Folder Name="/Task5/">
    <Project Path="Tyuiu.KidanovaMA.Sprint0.Task5.V0.Lib/Tyuiu.KidanovaMA.Sprint0.Task5.V0.Lib.csproj" Id="8a18fa5b-a1d7-4024-8ef8-b4c63116447a" />
    <Project Path="Tyuiu.KidanovaMA.Sprint0.Task5.V0.Test/Tyuiu.KidanovaMA.Sprint0.Task5.V0.Test.csproj" Id="65ae730a-c4a2-42b9-9692-dd58c1cd0395" />
    <Project Path="Tyuiu.KidanovaMA.Sprint0.Task5.V0/Tyuiu.KidanovaMA.Sprint0.Task5.V0.csproj" Id="606a8532-3b81-4121-bbb1-8eb8a6472c90" />
  </Folder>
  <Folder Name="/Task6/">
    <Project Path="Tyuiu.KidanovaMA.Sprint0.Task6.V0.Lib/Tyuiu.KidanovaMA.Sprint0.Task6.V0.Lib.csproj" Id="5f65bbf7-38ab-4a97-8a1a-6546fd77a5f5" />
    <Project Path="Tyuiu.KidanovaMA.Sprint0.Task6.V0.Test/Tyuiu.KidanovaMA.Sprint0.Task6.V0.Test.csproj" Id="d8a902e2-74e4-4320-809c-055916b55937" />
    <Project Path="Tyuiu.KidanovaMA.Sprint0.Task6.V0/Tyuiu.KidanovaMA.Sprint0.Task6.V0.csproj" Id="d4fb4834-d25b-4b00-a42f-e0b9475762cf" />
  </Folder>
</Solution>
